// !$*UTF8*$!
{
	archiveVersion = 1;
	classes = {
	};
	objectVersion = 46;
	objects = {

/* Begin PBXBuildFile section */
		192C75831E8CFCFD00EE8027 /* MergeGraph.swift in Sources */ = {isa = PBXBuildFile; fileRef = 192C75821E8CFCFD00EE8027 /* MergeGraph.swift */; };
		192C75851E8D057A00EE8027 /* ManagerMergeSort.swift in Sources */ = {isa = PBXBuildFile; fileRef = 192C75841E8D057A00EE8027 /* ManagerMergeSort.swift */; };
		193E459C1E8A020E00A6395C /* AnimationInsertion.swift in Sources */ = {isa = PBXBuildFile; fileRef = 193E459B1E8A020E00A6395C /* AnimationInsertion.swift */; };
		193E45A01E8A207B00A6395C /* Step.swift in Sources */ = {isa = PBXBuildFile; fileRef = 193E459F1E8A207B00A6395C /* Step.swift */; };
		193E45A31E8A5AFD00A6395C /* MergeSort.swift in Sources */ = {isa = PBXBuildFile; fileRef = 193E45A21E8A5AFD00A6395C /* MergeSort.swift */; };
		193E45A51E8A5C1200A6395C /* ManagerBubbleSort.swift in Sources */ = {isa = PBXBuildFile; fileRef = 193E45A41E8A5C1200A6395C /* ManagerBubbleSort.swift */; };
		193E45A71E8A5CDA00A6395C /* ManagerSelectionSort.swift in Sources */ = {isa = PBXBuildFile; fileRef = 193E45A61E8A5CDA00A6395C /* ManagerSelectionSort.swift */; };
		1962B22D1E841F3400012936 /* SortingLabel.swift in Sources */ = {isa = PBXBuildFile; fileRef = 1962B22C1E841F3400012936 /* SortingLabel.swift */; };
		1962B22F1E84FE5E00012936 /* SelectionSort.swift in Sources */ = {isa = PBXBuildFile; fileRef = 1962B22E1E84FE5E00012936 /* SelectionSort.swift */; };
		1962B2321E850BBE00012936 /* InsertionSort.swift in Sources */ = {isa = PBXBuildFile; fileRef = 1962B2311E850BBE00012936 /* InsertionSort.swift */; };
		197A66BF1E8B66AB00CA17F6 /* AnimationSelection.swift in Sources */ = {isa = PBXBuildFile; fileRef = 197A66BE1E8B66AB00CA17F6 /* AnimationSelection.swift */; };
		1987C64E1E95E557005795B8 /* ViewController.swift in Sources */ = {isa = PBXBuildFile; fileRef = 1987C64D1E95E557005795B8 /* ViewController.swift */; };
		1987C6501E95E6A3005795B8 /* AppDelegate.swift in Sources */ = {isa = PBXBuildFile; fileRef = 1987C64F1E95E6A3005795B8 /* AppDelegate.swift */; };
		1987C6521E95EA11005795B8 /* QuickSort.swift in Sources */ = {isa = PBXBuildFile; fileRef = 1987C6511E95EA11005795B8 /* QuickSort.swift */; };
		1987C6541E95EA4A005795B8 /* ManagerQuickSort.swift in Sources */ = {isa = PBXBuildFile; fileRef = 1987C6531E95EA4A005795B8 /* ManagerQuickSort.swift */; };
		1987C6561E95EA85005795B8 /* AnimationQuick.swift in Sources */ = {isa = PBXBuildFile; fileRef = 1987C6551E95EA85005795B8 /* AnimationQuick.swift */; };
		1987C6581E95EAA0005795B8 /* QuickGraph.swift in Sources */ = {isa = PBXBuildFile; fileRef = 1987C6571E95EAA0005795B8 /* QuickGraph.swift */; };
		1987C65A1E95EAF7005795B8 /* QuickSortVC.swift in Sources */ = {isa = PBXBuildFile; fileRef = 1987C6591E95EAF7005795B8 /* QuickSortVC.swift */; };
		1987C65C1E962B15005795B8 /* HeapGraph.swift in Sources */ = {isa = PBXBuildFile; fileRef = 1987C65B1E962B15005795B8 /* HeapGraph.swift */; };
		1987C65E1E963205005795B8 /* HeapSort.swift in Sources */ = {isa = PBXBuildFile; fileRef = 1987C65D1E963205005795B8 /* HeapSort.swift */; };
		1987C6601E963CAA005795B8 /* AnimationHeap.swift in Sources */ = {isa = PBXBuildFile; fileRef = 1987C65F1E963CAA005795B8 /* AnimationHeap.swift */; };
		1987C6621E963DDE005795B8 /* ManagerHeapSort.swift in Sources */ = {isa = PBXBuildFile; fileRef = 1987C6611E963DDE005795B8 /* ManagerHeapSort.swift */; };
		1987C6641E9642A3005795B8 /* HeapSortVC.swift in Sources */ = {isa = PBXBuildFile; fileRef = 1987C6631E9642A3005795B8 /* HeapSortVC.swift */; };
		1987C6661E964F7A005795B8 /* InfoBubbleSortVC.swift in Sources */ = {isa = PBXBuildFile; fileRef = 1987C6651E964F7A005795B8 /* InfoBubbleSortVC.swift */; };
		198A347C1E80D9DF009E2B96 /* BubbleSortVC.swift in Sources */ = {isa = PBXBuildFile; fileRef = 198A347B1E80D9DF009E2B96 /* BubbleSortVC.swift */; };
		198A347F1E80D9DF009E2B96 /* Main.storyboard in Resources */ = {isa = PBXBuildFile; fileRef = 198A347D1E80D9DF009E2B96 /* Main.storyboard */; };
		198A34821E80D9DF009E2B96 /* Algorithms.xcdatamodeld in Sources */ = {isa = PBXBuildFile; fileRef = 198A34801E80D9DF009E2B96 /* Algorithms.xcdatamodeld */; };
		198A34841E80D9DF009E2B96 /* Assets.xcassets in Resources */ = {isa = PBXBuildFile; fileRef = 198A34831E80D9DF009E2B96 /* Assets.xcassets */; };
		198A34871E80D9DF009E2B96 /* LaunchScreen.storyboard in Resources */ = {isa = PBXBuildFile; fileRef = 198A34851E80D9DF009E2B96 /* LaunchScreen.storyboard */; };
		198A348F1E810906009E2B96 /* AnimationBubble.swift in Sources */ = {isa = PBXBuildFile; fileRef = 198A348E1E810906009E2B96 /* AnimationBubble.swift */; };
		198A34931E8176AC009E2B96 /* Graph.swift in Sources */ = {isa = PBXBuildFile; fileRef = 198A34921E8176AC009E2B96 /* Graph.swift */; };
		198A34951E822A13009E2B96 /* LabelColor.swift in Sources */ = {isa = PBXBuildFile; fileRef = 198A34941E822A13009E2B96 /* LabelColor.swift */; };
		198A34971E826619009E2B96 /* BubbleSort.swift in Sources */ = {isa = PBXBuildFile; fileRef = 198A34961E826619009E2B96 /* BubbleSort.swift */; };
		198A34BA1E828A5D009E2B96 /* ManagerInsertionSort.swift in Sources */ = {isa = PBXBuildFile; fileRef = 198A34B91E828A5D009E2B96 /* ManagerInsertionSort.swift */; };
		19BAAA5D1E914A0000FDB729 /* AnimationMerge.swift in Sources */ = {isa = PBXBuildFile; fileRef = 19BAAA5C1E914A0000FDB729 /* AnimationMerge.swift */; };
		19BAAA5F1E914CDE00FDB729 /* MergeSortVC.swift in Sources */ = {isa = PBXBuildFile; fileRef = 19BAAA5E1E914CDE00FDB729 /* MergeSortVC.swift */; };
		C714415C1E8ABC3B008472E6 /* MenuList.swift in Sources */ = {isa = PBXBuildFile; fileRef = C714415B1E8ABC3B008472E6 /* MenuList.swift */; };
		C714415E1E8ABD51008472E6 /* MainScreen.swift in Sources */ = {isa = PBXBuildFile; fileRef = C714415D1E8ABD51008472E6 /* MainScreen.swift */; };
		C71441631E8AC08C008472E6 /* SelectionSortVC.swift in Sources */ = {isa = PBXBuildFile; fileRef = C71441621E8AC08C008472E6 /* SelectionSortVC.swift */; };
		C71441651E8AC0FA008472E6 /* InsertionSortVC.swift in Sources */ = {isa = PBXBuildFile; fileRef = C71441641E8AC0FA008472E6 /* InsertionSortVC.swift */; };
/* End PBXBuildFile section */

/* Begin PBXFileReference section */
		192C75821E8CFCFD00EE8027 /* MergeGraph.swift */ = {isa = PBXFileReference; fileEncoding = 4; lastKnownFileType = sourcecode.swift; path = MergeGraph.swift; sourceTree = "<group>"; };
		192C75841E8D057A00EE8027 /* ManagerMergeSort.swift */ = {isa = PBXFileReference; fileEncoding = 4; lastKnownFileType = sourcecode.swift; path = ManagerMergeSort.swift; sourceTree = "<group>"; };
		193E459B1E8A020E00A6395C /* AnimationInsertion.swift */ = {isa = PBXFileReference; fileEncoding = 4; lastKnownFileType = sourcecode.swift; path = AnimationInsertion.swift; sourceTree = "<group>"; };
		193E459F1E8A207B00A6395C /* Step.swift */ = {isa = PBXFileReference; fileEncoding = 4; lastKnownFileType = sourcecode.swift; path = Step.swift; sourceTree = "<group>"; };
		193E45A21E8A5AFD00A6395C /* MergeSort.swift */ = {isa = PBXFileReference; fileEncoding = 4; lastKnownFileType = sourcecode.swift; path = MergeSort.swift; sourceTree = "<group>"; };
		193E45A41E8A5C1200A6395C /* ManagerBubbleSort.swift */ = {isa = PBXFileReference; fileEncoding = 4; lastKnownFileType = sourcecode.swift; path = ManagerBubbleSort.swift; sourceTree = "<group>"; };
		193E45A61E8A5CDA00A6395C /* ManagerSelectionSort.swift */ = {isa = PBXFileReference; fileEncoding = 4; lastKnownFileType = sourcecode.swift; path = ManagerSelectionSort.swift; sourceTree = "<group>"; };
		1962B22C1E841F3400012936 /* SortingLabel.swift */ = {isa = PBXFileReference; fileEncoding = 4; lastKnownFileType = sourcecode.swift; path = SortingLabel.swift; sourceTree = "<group>"; };
		1962B22E1E84FE5E00012936 /* SelectionSort.swift */ = {isa = PBXFileReference; fileEncoding = 4; lastKnownFileType = sourcecode.swift; path = SelectionSort.swift; sourceTree = "<group>"; };
		1962B2311E850BBE00012936 /* InsertionSort.swift */ = {isa = PBXFileReference; fileEncoding = 4; lastKnownFileType = sourcecode.swift; path = InsertionSort.swift; sourceTree = "<group>"; };
		197A66BE1E8B66AB00CA17F6 /* AnimationSelection.swift */ = {isa = PBXFileReference; fileEncoding = 4; lastKnownFileType = sourcecode.swift; path = AnimationSelection.swift; sourceTree = "<group>"; };
		1987C64D1E95E557005795B8 /* ViewController.swift */ = {isa = PBXFileReference; fileEncoding = 4; lastKnownFileType = sourcecode.swift; path = ViewController.swift; sourceTree = "<group>"; };
		1987C64F1E95E6A3005795B8 /* AppDelegate.swift */ = {isa = PBXFileReference; fileEncoding = 4; lastKnownFileType = sourcecode.swift; path = AppDelegate.swift; sourceTree = "<group>"; };
		1987C6511E95EA11005795B8 /* QuickSort.swift */ = {isa = PBXFileReference; fileEncoding = 4; lastKnownFileType = sourcecode.swift; path = QuickSort.swift; sourceTree = "<group>"; };
		1987C6531E95EA4A005795B8 /* ManagerQuickSort.swift */ = {isa = PBXFileReference; fileEncoding = 4; lastKnownFileType = sourcecode.swift; path = ManagerQuickSort.swift; sourceTree = "<group>"; };
		1987C6551E95EA85005795B8 /* AnimationQuick.swift */ = {isa = PBXFileReference; fileEncoding = 4; lastKnownFileType = sourcecode.swift; path = AnimationQuick.swift; sourceTree = "<group>"; };
		1987C6571E95EAA0005795B8 /* QuickGraph.swift */ = {isa = PBXFileReference; fileEncoding = 4; lastKnownFileType = sourcecode.swift; path = QuickGraph.swift; sourceTree = "<group>"; };
		1987C6591E95EAF7005795B8 /* QuickSortVC.swift */ = {isa = PBXFileReference; fileEncoding = 4; lastKnownFileType = sourcecode.swift; path = QuickSortVC.swift; sourceTree = "<group>"; };
		1987C65B1E962B15005795B8 /* HeapGraph.swift */ = {isa = PBXFileReference; fileEncoding = 4; lastKnownFileType = sourcecode.swift; path = HeapGraph.swift; sourceTree = "<group>"; };
		1987C65D1E963205005795B8 /* HeapSort.swift */ = {isa = PBXFileReference; fileEncoding = 4; lastKnownFileType = sourcecode.swift; path = HeapSort.swift; sourceTree = "<group>"; };
		1987C65F1E963CAA005795B8 /* AnimationHeap.swift */ = {isa = PBXFileReference; fileEncoding = 4; lastKnownFileType = sourcecode.swift; path = AnimationHeap.swift; sourceTree = "<group>"; };
		1987C6611E963DDE005795B8 /* ManagerHeapSort.swift */ = {isa = PBXFileReference; fileEncoding = 4; lastKnownFileType = sourcecode.swift; path = ManagerHeapSort.swift; sourceTree = "<group>"; };
		1987C6631E9642A3005795B8 /* HeapSortVC.swift */ = {isa = PBXFileReference; fileEncoding = 4; lastKnownFileType = sourcecode.swift; path = HeapSortVC.swift; sourceTree = "<group>"; };
		1987C6651E964F7A005795B8 /* InfoBubbleSortVC.swift */ = {isa = PBXFileReference; fileEncoding = 4; lastKnownFileType = sourcecode.swift; path = InfoBubbleSortVC.swift; sourceTree = "<group>"; };
		198A34761E80D9DF009E2B96 /* Algorithms.app */ = {isa = PBXFileReference; explicitFileType = wrapper.application; includeInIndex = 0; path = Algorithms.app; sourceTree = BUILT_PRODUCTS_DIR; };
		198A347B1E80D9DF009E2B96 /* BubbleSortVC.swift */ = {isa = PBXFileReference; lastKnownFileType = sourcecode.swift; name = BubbleSortVC.swift; path = Algorithms/BubbleSortVC.swift; sourceTree = "<group>"; };
		198A347E1E80D9DF009E2B96 /* Base */ = {isa = PBXFileReference; lastKnownFileType = file.storyboard; name = Base; path = Base.lproj/Main.storyboard; sourceTree = "<group>"; };
		198A34811E80D9DF009E2B96 /* Algorithms.xcdatamodel */ = {isa = PBXFileReference; lastKnownFileType = wrapper.xcdatamodel; path = Algorithms.xcdatamodel; sourceTree = "<group>"; };
		198A34831E80D9DF009E2B96 /* Assets.xcassets */ = {isa = PBXFileReference; lastKnownFileType = folder.assetcatalog; path = Assets.xcassets; sourceTree = "<group>"; };
		198A34861E80D9DF009E2B96 /* Base */ = {isa = PBXFileReference; lastKnownFileType = file.storyboard; name = Base; path = Base.lproj/LaunchScreen.storyboard; sourceTree = "<group>"; };
		198A34881E80D9DF009E2B96 /* Info.plist */ = {isa = PBXFileReference; lastKnownFileType = text.plist.xml; path = Info.plist; sourceTree = "<group>"; };
		198A348E1E810906009E2B96 /* AnimationBubble.swift */ = {isa = PBXFileReference; fileEncoding = 4; lastKnownFileType = sourcecode.swift; path = AnimationBubble.swift; sourceTree = "<group>"; };
		198A34921E8176AC009E2B96 /* Graph.swift */ = {isa = PBXFileReference; fileEncoding = 4; lastKnownFileType = sourcecode.swift; path = Graph.swift; sourceTree = "<group>"; };
		198A34941E822A13009E2B96 /* LabelColor.swift */ = {isa = PBXFileReference; fileEncoding = 4; lastKnownFileType = sourcecode.swift; path = LabelColor.swift; sourceTree = "<group>"; };
		198A34961E826619009E2B96 /* BubbleSort.swift */ = {isa = PBXFileReference; fileEncoding = 4; lastKnownFileType = sourcecode.swift; path = BubbleSort.swift; sourceTree = "<group>"; };
		198A34B91E828A5D009E2B96 /* ManagerInsertionSort.swift */ = {isa = PBXFileReference; fileEncoding = 4; lastKnownFileType = sourcecode.swift; path = ManagerInsertionSort.swift; sourceTree = "<group>"; };
		19BAAA5C1E914A0000FDB729 /* AnimationMerge.swift */ = {isa = PBXFileReference; fileEncoding = 4; lastKnownFileType = sourcecode.swift; path = AnimationMerge.swift; sourceTree = "<group>"; };
		19BAAA5E1E914CDE00FDB729 /* MergeSortVC.swift */ = {isa = PBXFileReference; fileEncoding = 4; lastKnownFileType = sourcecode.swift; path = MergeSortVC.swift; sourceTree = "<group>"; };
		C714415B1E8ABC3B008472E6 /* MenuList.swift */ = {isa = PBXFileReference; fileEncoding = 4; lastKnownFileType = sourcecode.swift; path = MenuList.swift; sourceTree = "<group>"; };
		C714415D1E8ABD51008472E6 /* MainScreen.swift */ = {isa = PBXFileReference; fileEncoding = 4; lastKnownFileType = sourcecode.swift; path = MainScreen.swift; sourceTree = "<group>"; };
		C71441621E8AC08C008472E6 /* SelectionSortVC.swift */ = {isa = PBXFileReference; fileEncoding = 4; lastKnownFileType = sourcecode.swift; path = SelectionSortVC.swift; sourceTree = "<group>"; };
		C71441641E8AC0FA008472E6 /* InsertionSortVC.swift */ = {isa = PBXFileReference; fileEncoding = 4; lastKnownFileType = sourcecode.swift; path = InsertionSortVC.swift; sourceTree = "<group>"; };
/* End PBXFileReference section */

/* Begin PBXFrameworksBuildPhase section */
		198A34731E80D9DE009E2B96 /* Frameworks */ = {
			isa = PBXFrameworksBuildPhase;
			buildActionMask = 2147483647;
			files = (
			);
			runOnlyForDeploymentPostprocessing = 0;
		};
/* End PBXFrameworksBuildPhase section */

/* Begin PBXGroup section */
		193E459A1E8A01BA00A6395C /* Animation */ = {
			isa = PBXGroup;
			children = (
				198A348E1E810906009E2B96 /* AnimationBubble.swift */,
				197A66BE1E8B66AB00CA17F6 /* AnimationSelection.swift */,
				193E459B1E8A020E00A6395C /* AnimationInsertion.swift */,
				19BAAA5C1E914A0000FDB729 /* AnimationMerge.swift */,
				1987C6551E95EA85005795B8 /* AnimationQuick.swift */,
				1987C65F1E963CAA005795B8 /* AnimationHeap.swift */,
			);
			name = Animation;
			sourceTree = "<group>";
		};
		193E45A11E8A4A7B00A6395C /* Manager */ = {
			isa = PBXGroup;
			children = (
				193E45A41E8A5C1200A6395C /* ManagerBubbleSort.swift */,
				193E45A61E8A5CDA00A6395C /* ManagerSelectionSort.swift */,
				198A34B91E828A5D009E2B96 /* ManagerInsertionSort.swift */,
				192C75841E8D057A00EE8027 /* ManagerMergeSort.swift */,
				1987C6531E95EA4A005795B8 /* ManagerQuickSort.swift */,
				1987C6611E963DDE005795B8 /* ManagerHeapSort.swift */,
			);
			name = Manager;
			sourceTree = "<group>";
		};
		1962B2301E84FE6400012936 /* Sort */ = {
			isa = PBXGroup;
			children = (
				193E459F1E8A207B00A6395C /* Step.swift */,
				198A34961E826619009E2B96 /* BubbleSort.swift */,
				1962B22E1E84FE5E00012936 /* SelectionSort.swift */,
				1962B2311E850BBE00012936 /* InsertionSort.swift */,
				193E45A21E8A5AFD00A6395C /* MergeSort.swift */,
				1987C6511E95EA11005795B8 /* QuickSort.swift */,
				1987C65D1E963205005795B8 /* HeapSort.swift */,
			);
			name = Sort;
			sourceTree = "<group>";
		};
		1987C6671E964F82005795B8 /* Info */ = {
			isa = PBXGroup;
			children = (
				1987C6651E964F7A005795B8 /* InfoBubbleSortVC.swift */,
			);
			name = Info;
			sourceTree = "<group>";
		};
		198A346D1E80D9DE009E2B96 = {
			isa = PBXGroup;
			children = (
				198A34781E80D9DF009E2B96 /* Algorithms */,
				198A34771E80D9DF009E2B96 /* Products */,
			);
			sourceTree = "<group>";
		};
		198A34771E80D9DF009E2B96 /* Products */ = {
			isa = PBXGroup;
			children = (
				198A34761E80D9DF009E2B96 /* Algorithms.app */,
			);
			name = Products;
			sourceTree = "<group>";
		};
		198A34781E80D9DF009E2B96 /* Algorithms */ = {
			isa = PBXGroup;
			children = (
				1987C64F1E95E6A3005795B8 /* AppDelegate.swift */,
				C71441611E8ABE4E008472E6 /* ViewControllers */,
				C714415A1E8ABBFD008472E6 /* MenuList */,
				193E45A11E8A4A7B00A6395C /* Manager */,
				193E459A1E8A01BA00A6395C /* Animation */,
				19C253F91E8962E8008C614C /* Graph */,
				1962B2301E84FE6400012936 /* Sort */,
				198A347D1E80D9DF009E2B96 /* Main.storyboard */,
				198A34831E80D9DF009E2B96 /* Assets.xcassets */,
				198A34851E80D9DF009E2B96 /* LaunchScreen.storyboard */,
				198A34881E80D9DF009E2B96 /* Info.plist */,
				198A34801E80D9DF009E2B96 /* Algorithms.xcdatamodeld */,
			);
			path = Algorithms;
			sourceTree = "<group>";
		};
		19C253F91E8962E8008C614C /* Graph */ = {
			isa = PBXGroup;
			children = (
				198A34941E822A13009E2B96 /* LabelColor.swift */,
				1962B22C1E841F3400012936 /* SortingLabel.swift */,
				198A34921E8176AC009E2B96 /* Graph.swift */,
				192C75821E8CFCFD00EE8027 /* MergeGraph.swift */,
				1987C6571E95EAA0005795B8 /* QuickGraph.swift */,
				1987C65B1E962B15005795B8 /* HeapGraph.swift */,
			);
			name = Graph;
			sourceTree = "<group>";
		};
		C714415A1E8ABBFD008472E6 /* MenuList */ = {
			isa = PBXGroup;
			children = (
				C714415B1E8ABC3B008472E6 /* MenuList.swift */,
				C714415D1E8ABD51008472E6 /* MainScreen.swift */,
			);
			name = MenuList;
			sourceTree = "<group>";
		};
		C71441611E8ABE4E008472E6 /* ViewControllers */ = {
			isa = PBXGroup;
			children = (
				1987C64D1E95E557005795B8 /* ViewController.swift */,
				198A347B1E80D9DF009E2B96 /* BubbleSortVC.swift */,
				C71441621E8AC08C008472E6 /* SelectionSortVC.swift */,
				C71441641E8AC0FA008472E6 /* InsertionSortVC.swift */,
				19BAAA5E1E914CDE00FDB729 /* MergeSortVC.swift */,
				1987C6591E95EAF7005795B8 /* QuickSortVC.swift */,
				1987C6631E9642A3005795B8 /* HeapSortVC.swift */,
				1987C6671E964F82005795B8 /* Info */,
			);
			name = ViewControllers;
			path = ..;
			sourceTree = "<group>";
		};
/* End PBXGroup section */

/* Begin PBXNativeTarget section */
		198A34751E80D9DE009E2B96 /* Algorithms */ = {
			isa = PBXNativeTarget;
			buildConfigurationList = 198A348B1E80D9DF009E2B96 /* Build configuration list for PBXNativeTarget "Algorithms" */;
			buildPhases = (
				198A34721E80D9DE009E2B96 /* Sources */,
				198A34731E80D9DE009E2B96 /* Frameworks */,
				198A34741E80D9DE009E2B96 /* Resources */,
			);
			buildRules = (
			);
			dependencies = (
			);
			name = Algorithms;
			productName = Algorithms;
			productReference = 198A34761E80D9DF009E2B96 /* Algorithms.app */;
			productType = "com.apple.product-type.application";
		};
/* End PBXNativeTarget section */

/* Begin PBXProject section */
		198A346E1E80D9DE009E2B96 /* Project object */ = {
			isa = PBXProject;
			attributes = {
				LastSwiftUpdateCheck = 0820;
				LastUpgradeCheck = 0820;
				ORGANIZATIONNAME = LocTran;
				TargetAttributes = {
					198A34751E80D9DE009E2B96 = {
						CreatedOnToolsVersion = 8.2.1;
						ProvisioningStyle = Automatic;
					};
				};
			};
			buildConfigurationList = 198A34711E80D9DE009E2B96 /* Build configuration list for PBXProject "Algorithms" */;
			compatibilityVersion = "Xcode 3.2";
			developmentRegion = English;
			hasScannedForEncodings = 0;
			knownRegions = (
				en,
				Base,
			);
			mainGroup = 198A346D1E80D9DE009E2B96;
			productRefGroup = 198A34771E80D9DF009E2B96 /* Products */;
			projectDirPath = "";
			projectRoot = "";
			targets = (
				198A34751E80D9DE009E2B96 /* Algorithms */,
			);
		};
/* End PBXProject section */

/* Begin PBXResourcesBuildPhase section */
		198A34741E80D9DE009E2B96 /* Resources */ = {
			isa = PBXResourcesBuildPhase;
			buildActionMask = 2147483647;
			files = (
				198A34871E80D9DF009E2B96 /* LaunchScreen.storyboard in Resources */,
				198A34841E80D9DF009E2B96 /* Assets.xcassets in Resources */,
				198A347F1E80D9DF009E2B96 /* Main.storyboard in Resources */,
			);
			runOnlyForDeploymentPostprocessing = 0;
		};
/* End PBXResourcesBuildPhase section */

/* Begin PBXSourcesBuildPhase section */
		198A34721E80D9DE009E2B96 /* Sources */ = {
			isa = PBXSourcesBuildPhase;
			buildActionMask = 2147483647;
			files = (
				1962B22F1E84FE5E00012936 /* SelectionSort.swift in Sources */,
				193E45A71E8A5CDA00A6395C /* ManagerSelectionSort.swift in Sources */,
				198A34931E8176AC009E2B96 /* Graph.swift in Sources */,
				1987C65E1E963205005795B8 /* HeapSort.swift in Sources */,
				1987C6601E963CAA005795B8 /* AnimationHeap.swift in Sources */,
				1987C6541E95EA4A005795B8 /* ManagerQuickSort.swift in Sources */,
				C71441631E8AC08C008472E6 /* SelectionSortVC.swift in Sources */,
				1987C6501E95E6A3005795B8 /* AppDelegate.swift in Sources */,
				19BAAA5F1E914CDE00FDB729 /* MergeSortVC.swift in Sources */,
				197A66BF1E8B66AB00CA17F6 /* AnimationSelection.swift in Sources */,
				198A34BA1E828A5D009E2B96 /* ManagerInsertionSort.swift in Sources */,
				198A347C1E80D9DF009E2B96 /* BubbleSortVC.swift in Sources */,
				1987C6661E964F7A005795B8 /* InfoBubbleSortVC.swift in Sources */,
				1987C6561E95EA85005795B8 /* AnimationQuick.swift in Sources */,
				193E45A31E8A5AFD00A6395C /* MergeSort.swift in Sources */,
				1987C6641E9642A3005795B8 /* HeapSortVC.swift in Sources */,
				19BAAA5D1E914A0000FDB729 /* AnimationMerge.swift in Sources */,
				198A348F1E810906009E2B96 /* AnimationBubble.swift in Sources */,
				198A34951E822A13009E2B96 /* LabelColor.swift in Sources */,
				192C75831E8CFCFD00EE8027 /* MergeGraph.swift in Sources */,
				1987C6521E95EA11005795B8 /* QuickSort.swift in Sources */,
				C714415C1E8ABC3B008472E6 /* MenuList.swift in Sources */,
				C714415E1E8ABD51008472E6 /* MainScreen.swift in Sources */,
				1987C64E1E95E557005795B8 /* ViewController.swift in Sources */,
				193E459C1E8A020E00A6395C /* AnimationInsertion.swift in Sources */,
				1987C65C1E962B15005795B8 /* HeapGraph.swift in Sources */,
				1987C6621E963DDE005795B8 /* ManagerHeapSort.swift in Sources */,
				192C75851E8D057A00EE8027 /* ManagerMergeSort.swift in Sources */,
				1987C65A1E95EAF7005795B8 /* QuickSortVC.swift in Sources */,
				1962B22D1E841F3400012936 /* SortingLabel.swift in Sources */,
				193E45A51E8A5C1200A6395C /* ManagerBubbleSort.swift in Sources */,
				1987C6581E95EAA0005795B8 /* QuickGraph.swift in Sources */,
				1962B2321E850BBE00012936 /* InsertionSort.swift in Sources */,
				C71441651E8AC0FA008472E6 /* InsertionSortVC.swift in Sources */,
				198A34821E80D9DF009E2B96 /* Algorithms.xcdatamodeld in Sources */,
				198A34971E826619009E2B96 /* BubbleSort.swift in Sources */,
				193E45A01E8A207B00A6395C /* Step.swift in Sources */,
			);
			runOnlyForDeploymentPostprocessing = 0;
		};
/* End PBXSourcesBuildPhase section */

/* Begin PBXVariantGroup section */
		198A347D1E80D9DF009E2B96 /* Main.storyboard */ = {
			isa = PBXVariantGroup;
			children = (
				198A347E1E80D9DF009E2B96 /* Base */,
			);
			name = Main.storyboard;
			sourceTree = "<group>";
		};
		198A34851E80D9DF009E2B96 /* LaunchScreen.storyboard */ = {
			isa = PBXVariantGroup;
			children = (
				198A34861E80D9DF009E2B96 /* Base */,
			);
			name = LaunchScreen.storyboard;
			sourceTree = "<group>";
		};
/* End PBXVariantGroup section */

/* Begin XCBuildConfiguration section */
		198A34891E80D9DF009E2B96 /* Debug */ = {
			isa = XCBuildConfiguration;
			buildSettings = {
				ALWAYS_SEARCH_USER_PATHS = NO;
				CLANG_ANALYZER_NONNULL = YES;
				CLANG_CXX_LANGUAGE_STANDARD = "gnu++0x";
				CLANG_CXX_LIBRARY = "libc++";
				CLANG_ENABLE_MODULES = YES;
				CLANG_ENABLE_OBJC_ARC = YES;
				CLANG_WARN_BOOL_CONVERSION = YES;
				CLANG_WARN_CONSTANT_CONVERSION = YES;
				CLANG_WARN_DIRECT_OBJC_ISA_USAGE = YES_ERROR;
				CLANG_WARN_DOCUMENTATION_COMMENTS = YES;
				CLANG_WARN_EMPTY_BODY = YES;
				CLANG_WARN_ENUM_CONVERSION = YES;
				CLANG_WARN_INFINITE_RECURSION = YES;
				CLANG_WARN_INT_CONVERSION = YES;
				CLANG_WARN_OBJC_ROOT_CLASS = YES_ERROR;
				CLANG_WARN_SUSPICIOUS_MOVE = YES;
				CLANG_WARN_UNREACHABLE_CODE = YES;
				CLANG_WARN__DUPLICATE_METHOD_MATCH = YES;
				"CODE_SIGN_IDENTITY[sdk=iphoneos*]" = "iPhone Developer";
				COPY_PHASE_STRIP = NO;
				DEBUG_INFORMATION_FORMAT = dwarf;
				ENABLE_STRICT_OBJC_MSGSEND = YES;
				ENABLE_TESTABILITY = YES;
				GCC_C_LANGUAGE_STANDARD = gnu99;
				GCC_DYNAMIC_NO_PIC = NO;
				GCC_NO_COMMON_BLOCKS = YES;
				GCC_OPTIMIZATION_LEVEL = 0;
				GCC_PREPROCESSOR_DEFINITIONS = (
					"DEBUG=1",
					"$(inherited)",
				);
				GCC_WARN_64_TO_32_BIT_CONVERSION = YES;
				GCC_WARN_ABOUT_RETURN_TYPE = YES_ERROR;
				GCC_WARN_UNDECLARED_SELECTOR = YES;
				GCC_WARN_UNINITIALIZED_AUTOS = YES_AGGRESSIVE;
				GCC_WARN_UNUSED_FUNCTION = YES;
				GCC_WARN_UNUSED_VARIABLE = YES;
				IPHONEOS_DEPLOYMENT_TARGET = 10.2;
				MTL_ENABLE_DEBUG_INFO = YES;
				ONLY_ACTIVE_ARCH = YES;
				SDKROOT = iphoneos;
				SWIFT_ACTIVE_COMPILATION_CONDITIONS = DEBUG;
				SWIFT_OPTIMIZATION_LEVEL = "-Onone";
				TARGETED_DEVICE_FAMILY = "1,2";
			};
			name = Debug;
		};
		198A348A1E80D9DF009E2B96 /* Release */ = {
			isa = XCBuildConfiguration;
			buildSettings = {
				ALWAYS_SEARCH_USER_PATHS = NO;
				CLANG_ANALYZER_NONNULL = YES;
				CLANG_CXX_LANGUAGE_STANDARD = "gnu++0x";
				CLANG_CXX_LIBRARY = "libc++";
				CLANG_ENABLE_MODULES = YES;
				CLANG_ENABLE_OBJC_ARC = YES;
				CLANG_WARN_BOOL_CONVERSION = YES;
				CLANG_WARN_CONSTANT_CONVERSION = YES;
				CLANG_WARN_DIRECT_OBJC_ISA_USAGE = YES_ERROR;
				CLANG_WARN_DOCUMENTATION_COMMENTS = YES;
				CLANG_WARN_EMPTY_BODY = YES;
				CLANG_WARN_ENUM_CONVERSION = YES;
				CLANG_WARN_INFINITE_RECURSION = YES;
				CLANG_WARN_INT_CONVERSION = YES;
				CLANG_WARN_OBJC_ROOT_CLASS = YES_ERROR;
				CLANG_WARN_SUSPICIOUS_MOVE = YES;
				CLANG_WARN_UNREACHABLE_CODE = YES;
				CLANG_WARN__DUPLICATE_METHOD_MATCH = YES;
				"CODE_SIGN_IDENTITY[sdk=iphoneos*]" = "iPhone Developer";
				COPY_PHASE_STRIP = NO;
				DEBUG_INFORMATION_FORMAT = "dwarf-with-dsym";
				ENABLE_NS_ASSERTIONS = NO;
				ENABLE_STRICT_OBJC_MSGSEND = YES;
				GCC_C_LANGUAGE_STANDARD = gnu99;
				GCC_NO_COMMON_BLOCKS = YES;
				GCC_WARN_64_TO_32_BIT_CONVERSION = YES;
				GCC_WARN_ABOUT_RETURN_TYPE = YES_ERROR;
				GCC_WARN_UNDECLARED_SELECTOR = YES;
				GCC_WARN_UNINITIALIZED_AUTOS = YES_AGGRESSIVE;
				GCC_WARN_UNUSED_FUNCTION = YES;
				GCC_WARN_UNUSED_VARIABLE = YES;
				IPHONEOS_DEPLOYMENT_TARGET = 10.2;
				MTL_ENABLE_DEBUG_INFO = NO;
				SDKROOT = iphoneos;
				SWIFT_OPTIMIZATION_LEVEL = "-Owholemodule";
				TARGETED_DEVICE_FAMILY = "1,2";
				VALIDATE_PRODUCT = YES;
			};
			name = Release;
		};
		198A348C1E80D9DF009E2B96 /* Debug */ = {
			isa = XCBuildConfiguration;
			buildSettings = {
				ASSETCATALOG_COMPILER_APPICON_NAME = AppIcon;
				INFOPLIST_FILE = Algorithms/Info.plist;
				LD_RUNPATH_SEARCH_PATHS = "$(inherited) @executable_path/Frameworks";
				PRODUCT_BUNDLE_IDENTIFIER = com.LocTran.Algorithms;
				PRODUCT_NAME = "$(TARGET_NAME)";
				SWIFT_VERSION = 3.0;
			};
			name = Debug;
		};
		198A348D1E80D9DF009E2B96 /* Release */ = {
			isa = XCBuildConfiguration;
			buildSettings = {
				ASSETCATALOG_COMPILER_APPICON_NAME = AppIcon;
				INFOPLIST_FILE = Algorithms/Info.plist;
				LD_RUNPATH_SEARCH_PATHS = "$(inherited) @executable_path/Frameworks";
				PRODUCT_BUNDLE_IDENTIFIER = com.LocTran.Algorithms;
				PRODUCT_NAME = "$(TARGET_NAME)";
				SWIFT_VERSION = 3.0;
			};
			name = Release;
		};
/* End XCBuildConfiguration section */

/* Begin XCConfigurationList section */
		198A34711E80D9DE009E2B96 /* Build configuration list for PBXProject "Algorithms" */ = {
			isa = XCConfigurationList;
			buildConfigurations = (
				198A34891E80D9DF009E2B96 /* Debug */,
				198A348A1E80D9DF009E2B96 /* Release */,
			);
			defaultConfigurationIsVisible = 0;
			defaultConfigurationName = Release;
		};
		198A348B1E80D9DF009E2B96 /* Build configuration list for PBXNativeTarget "Algorithms" */ = {
			isa = XCConfigurationList;
			buildConfigurations = (
				198A348C1E80D9DF009E2B96 /* Debug */,
				198A348D1E80D9DF009E2B96 /* Release */,
			);
			defaultConfigurationIsVisible = 0;
			defaultConfigurationName = Release;
		};
/* End XCConfigurationList section */

/* Begin XCVersionGroup section */
		198A34801E80D9DF009E2B96 /* Algorithms.xcdatamodeld */ = {
			isa = XCVersionGroup;
			children = (
				198A34811E80D9DF009E2B96 /* Algorithms.xcdatamodel */,
			);
			currentVersion = 198A34811E80D9DF009E2B96 /* Algorithms.xcdatamodel */;
			path = Algorithms.xcdatamodeld;
			sourceTree = "<group>";
			versionGroupType = wrapper.xcdatamodel;
		};
/* End XCVersionGroup section */
	};
	rootObject = 198A346E1E80D9DE009E2B96 /* Project object */;
}
